
Microsoft Visual Studio Solution File, Format Version 12.00
# Visual Studio Version 17
VisualStudioVersion = 17.3.32901.215
MinimumVisualStudioVersion = 10.0.40219.1
Project("{9A19103F-16F7-4668-BE54-9A1E7A4F7556}") = "WebAPI", "WebAPIMatricula_3C2023\WebAPI.csproj", "{6459008D-6841-492F-90BC-9A10E54FB09B}"
EndProject
Project("{2150E333-8FDC-42A3-9474-1A3956D46DE8}") = "Auth", "Auth", "{EC9C63A7-B079-4206-80DF-F4631C7B8ADB}"
EndProject
Project("{2150E333-8FDC-42A3-9474-1A3956D46DE8}") = "Bll", "Bll", "{21269A74-D466-4C14-B719-9C841BABD0DD}"
EndProject
Project("{2150E333-8FDC-42A3-9474-1A3956D46DE8}") = "Dal", "Dal", "{8954CD96-0F85-4C8D-8BEB-5224B9401EC2}"
EndProject
Project("{2150E333-8FDC-42A3-9474-1A3956D46DE8}") = "Dto", "Dto", "{742D6638-35F3-4E4F-BDEC-0596CF076499}"
EndProject
Project("{2150E333-8FDC-42A3-9474-1A3956D46DE8}") = "Rest", "Rest", "{21D44B73-515C-4F36-B8AF-58D37DC7051C}"
EndProject
Project("{2150E333-8FDC-42A3-9474-1A3956D46DE8}") = "UI", "UI", "{1E0D513C-7ACE-4178-A078-03CB156365B0}"
EndProject
Project("{9A19103F-16F7-4668-BE54-9A1E7A4F7556}") = "Api.Dto.General", "Api.Dto.General\Api.Dto.General.csproj", "{9BF594C8-1536-47B0-B19E-CEF4C7C397A8}"
EndProject
Project("{9A19103F-16F7-4668-BE54-9A1E7A4F7556}") = "Api.Dto.Estudiante", "Api.Dto.Estudiante\Api.Dto.Estudiante.csproj", "{1A2E5D37-72C8-4A28-977E-81147924B3A5}"
EndProject
Project("{9A19103F-16F7-4668-BE54-9A1E7A4F7556}") = "API.Bll.Error", "API.Bll.Error\API.Bll.Error.csproj", "{C01B041D-31FD-4CDF-81C1-97F8EDC26BBF}"
EndProject
Project("{9A19103F-16F7-4668-BE54-9A1E7A4F7556}") = "API.Bll.Estudiante", "API.Bll.Estudiante\API.Bll.Estudiante.csproj", "{43CE22C0-2F9C-4445-86A3-768F3E0AD292}"
EndProject
Project("{9A19103F-16F7-4668-BE54-9A1E7A4F7556}") = "Api.Dto.Error", "Api.Dto.Error\Api.Dto.Error.csproj", "{EE07A076-0029-4BAB-954E-88058862AB16}"
EndProject
Project("{9A19103F-16F7-4668-BE54-9A1E7A4F7556}") = "API.Bll.Curso", "API.Bll.Curso\API.Bll.Curso.csproj", "{096EDA51-3E04-4834-92FF-EA8809789A96}"
EndProject
Project("{9A19103F-16F7-4668-BE54-9A1E7A4F7556}") = "API.Dto.Curso", "API.Dto.Curso\API.Dto.Curso.csproj", "{5EC7E5D8-8EE5-48E6-BB0C-64452DC8E4E5}"
EndProject
Project("{9A19103F-16F7-4668-BE54-9A1E7A4F7556}") = "API.Dal.General", "API.Dal.General\API.Dal.General.csproj", "{EFCE33B8-8D85-4B41-A649-01B710457FEE}"
EndProject
Project("{9A19103F-16F7-4668-BE54-9A1E7A4F7556}") = "API.Dal.Estudiante", "API.Dal.Estudiante\API.Dal.Estudiante.csproj", "{85175261-55F6-45E8-98D4-97557C803295}"
EndProject
Project("{9A19103F-16F7-4668-BE54-9A1E7A4F7556}") = "API.Dal.Error", "API.Dal.Error\API.Dal.Error.csproj", "{77230A47-FD73-48C6-9CAA-622EC079DD6B}"
EndProject
Project("{9A19103F-16F7-4668-BE54-9A1E7A4F7556}") = "WebAPIMatricula3C2023", "WebAPIMatricula\WebAPIMatricula3C2023.csproj", "{B64337C7-B543-485D-9A7F-2D6FF496742C}"
EndProject
Project("{9A19103F-16F7-4668-BE54-9A1E7A4F7556}") = "API.Dal.Curso", "API.Dal.Curso\API.Dal.Curso.csproj", "{72624CCD-4A46-4454-A218-47B6704F8BA1}"
EndProject
Project("{9A19103F-16F7-4668-BE54-9A1E7A4F7556}") = "Api.Dto.Factura", "Api.Dto.Factura\Api.Dto.Factura.csproj", "{5D22F14F-D6A7-41A9-AE2C-A315157DCFCA}"
EndProject
Project("{9A19103F-16F7-4668-BE54-9A1E7A4F7556}") = "Api.Dto.Beca", "Api.Dto.Beca\Api.Dto.Beca.csproj", "{7715DEF3-0B86-4878-956D-25FA1166B8AA}"
EndProject
Project("{9A19103F-16F7-4668-BE54-9A1E7A4F7556}") = "API.Bll.Factura", "API.BLL.Factura\API.Bll.Factura.csproj", "{83E674CA-5E51-44F9-A7D1-7F0852203DB7}"
EndProject
Project("{9A19103F-16F7-4668-BE54-9A1E7A4F7556}") = "API.Bll.Beca", "API.BLL.Beca\API.Bll.Beca.csproj", "{1FFBFD69-F310-4EF7-AD8F-4D484CC805A8}"
EndProject
Project("{9A19103F-16F7-4668-BE54-9A1E7A4F7556}") = "API.Dal.Beca", "API.Dal.Beca\API.Dal.Beca.csproj", "{FC8830BE-2C9A-4495-A7A5-4CA7A9381212}"
EndProject
Project("{9A19103F-16F7-4668-BE54-9A1E7A4F7556}") = "API.Dal.Factura", "API.Dal.Factura\API.Dal.Factura.csproj", "{497F86CD-3C42-4F9C-915E-188BD414FDEA}"
EndProject
Project("{9A19103F-16F7-4668-BE54-9A1E7A4F7556}") = "UI.WebMatricula3C2023", "UI.WebMatricula3C2023\UI.WebMatricula3C2023.csproj", "{8D07EB3D-7284-427E-B66A-6D0EEAC6A897}"
EndProject
Global
	GlobalSection(SolutionConfigurationPlatforms) = preSolution
		Debug|Any CPU = Debug|Any CPU
		Release|Any CPU = Release|Any CPU
	EndGlobalSection
	GlobalSection(ProjectConfigurationPlatforms) = postSolution
		{6459008D-6841-492F-90BC-9A10E54FB09B}.Debug|Any CPU.ActiveCfg = Debug|Any CPU
		{6459008D-6841-492F-90BC-9A10E54FB09B}.Debug|Any CPU.Build.0 = Debug|Any CPU
		{6459008D-6841-492F-90BC-9A10E54FB09B}.Release|Any CPU.ActiveCfg = Release|Any CPU
		{6459008D-6841-492F-90BC-9A10E54FB09B}.Release|Any CPU.Build.0 = Release|Any CPU
		{9BF594C8-1536-47B0-B19E-CEF4C7C397A8}.Debug|Any CPU.ActiveCfg = Debug|Any CPU
		{9BF594C8-1536-47B0-B19E-CEF4C7C397A8}.Debug|Any CPU.Build.0 = Debug|Any CPU
		{9BF594C8-1536-47B0-B19E-CEF4C7C397A8}.Release|Any CPU.ActiveCfg = Release|Any CPU
		{9BF594C8-1536-47B0-B19E-CEF4C7C397A8}.Release|Any CPU.Build.0 = Release|Any CPU
		{1A2E5D37-72C8-4A28-977E-81147924B3A5}.Debug|Any CPU.ActiveCfg = Debug|Any CPU
		{1A2E5D37-72C8-4A28-977E-81147924B3A5}.Debug|Any CPU.Build.0 = Debug|Any CPU
		{1A2E5D37-72C8-4A28-977E-81147924B3A5}.Release|Any CPU.ActiveCfg = Release|Any CPU
		{1A2E5D37-72C8-4A28-977E-81147924B3A5}.Release|Any CPU.Build.0 = Release|Any CPU
		{C01B041D-31FD-4CDF-81C1-97F8EDC26BBF}.Debug|Any CPU.ActiveCfg = Debug|Any CPU
		{C01B041D-31FD-4CDF-81C1-97F8EDC26BBF}.Debug|Any CPU.Build.0 = Debug|Any CPU
		{C01B041D-31FD-4CDF-81C1-97F8EDC26BBF}.Release|Any CPU.ActiveCfg = Release|Any CPU
		{C01B041D-31FD-4CDF-81C1-97F8EDC26BBF}.Release|Any CPU.Build.0 = Release|Any CPU
		{43CE22C0-2F9C-4445-86A3-768F3E0AD292}.Debug|Any CPU.ActiveCfg = Debug|Any CPU
		{43CE22C0-2F9C-4445-86A3-768F3E0AD292}.Debug|Any CPU.Build.0 = Debug|Any CPU
		{43CE22C0-2F9C-4445-86A3-768F3E0AD292}.Release|Any CPU.ActiveCfg = Release|Any CPU
		{43CE22C0-2F9C-4445-86A3-768F3E0AD292}.Release|Any CPU.Build.0 = Release|Any CPU
		{EE07A076-0029-4BAB-954E-88058862AB16}.Debug|Any CPU.ActiveCfg = Debug|Any CPU
		{EE07A076-0029-4BAB-954E-88058862AB16}.Debug|Any CPU.Build.0 = Debug|Any CPU
		{EE07A076-0029-4BAB-954E-88058862AB16}.Release|Any CPU.ActiveCfg = Release|Any CPU
		{EE07A076-0029-4BAB-954E-88058862AB16}.Release|Any CPU.Build.0 = Release|Any CPU
		{096EDA51-3E04-4834-92FF-EA8809789A96}.Debug|Any CPU.ActiveCfg = Debug|Any CPU
		{096EDA51-3E04-4834-92FF-EA8809789A96}.Debug|Any CPU.Build.0 = Debug|Any CPU
		{096EDA51-3E04-4834-92FF-EA8809789A96}.Release|Any CPU.ActiveCfg = Release|Any CPU
		{096EDA51-3E04-4834-92FF-EA8809789A96}.Release|Any CPU.Build.0 = Release|Any CPU
		{5EC7E5D8-8EE5-48E6-BB0C-64452DC8E4E5}.Debug|Any CPU.ActiveCfg = Debug|Any CPU
		{5EC7E5D8-8EE5-48E6-BB0C-64452DC8E4E5}.Debug|Any CPU.Build.0 = Debug|Any CPU
		{5EC7E5D8-8EE5-48E6-BB0C-64452DC8E4E5}.Release|Any CPU.ActiveCfg = Release|Any CPU
		{5EC7E5D8-8EE5-48E6-BB0C-64452DC8E4E5}.Release|Any CPU.Build.0 = Release|Any CPU
		{EFCE33B8-8D85-4B41-A649-01B710457FEE}.Debug|Any CPU.ActiveCfg = Debug|Any CPU
		{EFCE33B8-8D85-4B41-A649-01B710457FEE}.Debug|Any CPU.Build.0 = Debug|Any CPU
		{EFCE33B8-8D85-4B41-A649-01B710457FEE}.Release|Any CPU.ActiveCfg = Release|Any CPU
		{EFCE33B8-8D85-4B41-A649-01B710457FEE}.Release|Any CPU.Build.0 = Release|Any CPU
		{85175261-55F6-45E8-98D4-97557C803295}.Debug|Any CPU.ActiveCfg = Debug|Any CPU
		{85175261-55F6-45E8-98D4-97557C803295}.Debug|Any CPU.Build.0 = Debug|Any CPU
		{85175261-55F6-45E8-98D4-97557C803295}.Release|Any CPU.ActiveCfg = Release|Any CPU
		{85175261-55F6-45E8-98D4-97557C803295}.Release|Any CPU.Build.0 = Release|Any CPU
		{77230A47-FD73-48C6-9CAA-622EC079DD6B}.Debug|Any CPU.ActiveCfg = Debug|Any CPU
		{77230A47-FD73-48C6-9CAA-622EC079DD6B}.Debug|Any CPU.Build.0 = Debug|Any CPU
		{77230A47-FD73-48C6-9CAA-622EC079DD6B}.Release|Any CPU.ActiveCfg = Release|Any CPU
		{77230A47-FD73-48C6-9CAA-622EC079DD6B}.Release|Any CPU.Build.0 = Release|Any CPU
		{B64337C7-B543-485D-9A7F-2D6FF496742C}.Debug|Any CPU.ActiveCfg = Debug|Any CPU
		{B64337C7-B543-485D-9A7F-2D6FF496742C}.Debug|Any CPU.Build.0 = Debug|Any CPU
		{B64337C7-B543-485D-9A7F-2D6FF496742C}.Release|Any CPU.ActiveCfg = Release|Any CPU
		{B64337C7-B543-485D-9A7F-2D6FF496742C}.Release|Any CPU.Build.0 = Release|Any CPU
		{72624CCD-4A46-4454-A218-47B6704F8BA1}.Debug|Any CPU.ActiveCfg = Debug|Any CPU
		{72624CCD-4A46-4454-A218-47B6704F8BA1}.Debug|Any CPU.Build.0 = Debug|Any CPU
		{72624CCD-4A46-4454-A218-47B6704F8BA1}.Release|Any CPU.ActiveCfg = Release|Any CPU
		{72624CCD-4A46-4454-A218-47B6704F8BA1}.Release|Any CPU.Build.0 = Release|Any CPU
		{5D22F14F-D6A7-41A9-AE2C-A315157DCFCA}.Debug|Any CPU.ActiveCfg = Debug|Any CPU
		{5D22F14F-D6A7-41A9-AE2C-A315157DCFCA}.Debug|Any CPU.Build.0 = Debug|Any CPU
		{5D22F14F-D6A7-41A9-AE2C-A315157DCFCA}.Release|Any CPU.ActiveCfg = Release|Any CPU
		{5D22F14F-D6A7-41A9-AE2C-A315157DCFCA}.Release|Any CPU.Build.0 = Release|Any CPU
		{7715DEF3-0B86-4878-956D-25FA1166B8AA}.Debug|Any CPU.ActiveCfg = Debug|Any CPU
		{7715DEF3-0B86-4878-956D-25FA1166B8AA}.Debug|Any CPU.Build.0 = Debug|Any CPU
		{7715DEF3-0B86-4878-956D-25FA1166B8AA}.Release|Any CPU.ActiveCfg = Release|Any CPU
		{7715DEF3-0B86-4878-956D-25FA1166B8AA}.Release|Any CPU.Build.0 = Release|Any CPU
		{83E674CA-5E51-44F9-A7D1-7F0852203DB7}.Debug|Any CPU.ActiveCfg = Debug|Any CPU
		{83E674CA-5E51-44F9-A7D1-7F0852203DB7}.Debug|Any CPU.Build.0 = Debug|Any CPU
		{83E674CA-5E51-44F9-A7D1-7F0852203DB7}.Release|Any CPU.ActiveCfg = Release|Any CPU
		{83E674CA-5E51-44F9-A7D1-7F0852203DB7}.Release|Any CPU.Build.0 = Release|Any CPU
		{1FFBFD69-F310-4EF7-AD8F-4D484CC805A8}.Debug|Any CPU.ActiveCfg = Debug|Any CPU
		{1FFBFD69-F310-4EF7-AD8F-4D484CC805A8}.Debug|Any CPU.Build.0 = Debug|Any CPU
		{1FFBFD69-F310-4EF7-AD8F-4D484CC805A8}.Release|Any CPU.ActiveCfg = Release|Any CPU
		{1FFBFD69-F310-4EF7-AD8F-4D484CC805A8}.Release|Any CPU.Build.0 = Release|Any CPU
		{FC8830BE-2C9A-4495-A7A5-4CA7A9381212}.Debug|Any CPU.ActiveCfg = Debug|Any CPU
		{FC8830BE-2C9A-4495-A7A5-4CA7A9381212}.Debug|Any CPU.Build.0 = Debug|Any CPU
		{FC8830BE-2C9A-4495-A7A5-4CA7A9381212}.Release|Any CPU.ActiveCfg = Release|Any CPU
		{FC8830BE-2C9A-4495-A7A5-4CA7A9381212}.Release|Any CPU.Build.0 = Release|Any CPU
		{497F86CD-3C42-4F9C-915E-188BD414FDEA}.Debug|Any CPU.ActiveCfg = Debug|Any CPU
		{497F86CD-3C42-4F9C-915E-188BD414FDEA}.Debug|Any CPU.Build.0 = Debug|Any CPU
		{497F86CD-3C42-4F9C-915E-188BD414FDEA}.Release|Any CPU.ActiveCfg = Release|Any CPU
		{497F86CD-3C42-4F9C-915E-188BD414FDEA}.Release|Any CPU.Build.0 = Release|Any CPU
		{8D07EB3D-7284-427E-B66A-6D0EEAC6A897}.Debug|Any CPU.ActiveCfg = Debug|Any CPU
		{8D07EB3D-7284-427E-B66A-6D0EEAC6A897}.Debug|Any CPU.Build.0 = Debug|Any CPU
		{8D07EB3D-7284-427E-B66A-6D0EEAC6A897}.Release|Any CPU.ActiveCfg = Release|Any CPU
		{8D07EB3D-7284-427E-B66A-6D0EEAC6A897}.Release|Any CPU.Build.0 = Release|Any CPU
	EndGlobalSection
	GlobalSection(SolutionProperties) = preSolution
		HideSolutionNode = FALSE
	EndGlobalSection
	GlobalSection(NestedProjects) = preSolution
		{6459008D-6841-492F-90BC-9A10E54FB09B} = {EC9C63A7-B079-4206-80DF-F4631C7B8ADB}
		{9BF594C8-1536-47B0-B19E-CEF4C7C397A8} = {742D6638-35F3-4E4F-BDEC-0596CF076499}
		{1A2E5D37-72C8-4A28-977E-81147924B3A5} = {742D6638-35F3-4E4F-BDEC-0596CF076499}
		{C01B041D-31FD-4CDF-81C1-97F8EDC26BBF} = {21269A74-D466-4C14-B719-9C841BABD0DD}
		{43CE22C0-2F9C-4445-86A3-768F3E0AD292} = {21269A74-D466-4C14-B719-9C841BABD0DD}
		{EE07A076-0029-4BAB-954E-88058862AB16} = {742D6638-35F3-4E4F-BDEC-0596CF076499}
		{096EDA51-3E04-4834-92FF-EA8809789A96} = {21269A74-D466-4C14-B719-9C841BABD0DD}
		{5EC7E5D8-8EE5-48E6-BB0C-64452DC8E4E5} = {742D6638-35F3-4E4F-BDEC-0596CF076499}
		{EFCE33B8-8D85-4B41-A649-01B710457FEE} = {8954CD96-0F85-4C8D-8BEB-5224B9401EC2}
		{85175261-55F6-45E8-98D4-97557C803295} = {8954CD96-0F85-4C8D-8BEB-5224B9401EC2}
		{77230A47-FD73-48C6-9CAA-622EC079DD6B} = {8954CD96-0F85-4C8D-8BEB-5224B9401EC2}
		{B64337C7-B543-485D-9A7F-2D6FF496742C} = {21D44B73-515C-4F36-B8AF-58D37DC7051C}
		{72624CCD-4A46-4454-A218-47B6704F8BA1} = {8954CD96-0F85-4C8D-8BEB-5224B9401EC2}
		{5D22F14F-D6A7-41A9-AE2C-A315157DCFCA} = {742D6638-35F3-4E4F-BDEC-0596CF076499}
		{7715DEF3-0B86-4878-956D-25FA1166B8AA} = {742D6638-35F3-4E4F-BDEC-0596CF076499}
		{83E674CA-5E51-44F9-A7D1-7F0852203DB7} = {21269A74-D466-4C14-B719-9C841BABD0DD}
		{1FFBFD69-F310-4EF7-AD8F-4D484CC805A8} = {21269A74-D466-4C14-B719-9C841BABD0DD}
		{FC8830BE-2C9A-4495-A7A5-4CA7A9381212} = {8954CD96-0F85-4C8D-8BEB-5224B9401EC2}
		{497F86CD-3C42-4F9C-915E-188BD414FDEA} = {8954CD96-0F85-4C8D-8BEB-5224B9401EC2}
		{8D07EB3D-7284-427E-B66A-6D0EEAC6A897} = {1E0D513C-7ACE-4178-A078-03CB156365B0}
	EndGlobalSection
	GlobalSection(ExtensibilityGlobals) = postSolution
		SolutionGuid = {E7D72492-D903-4033-A885-69EF2DB52614}
	EndGlobalSection
EndGlobal
